
Microsoft Visual Studio Solution File, Format Version 12.00
# Visual Studio 2012
Project("{FAE04EC0-301F-11D3-BF4B-00C04F79EFBC}") = "BizTalkComponents.PipelineComponents.HttpDisassembler", "Src\HttpDisassembler\BizTalkComponents.PipelineComponents.HttpDisassembler.csproj", "{4A6C8864-B06F-455E-A375-51F658673A72}"
EndProject
Global
	GlobalSection(SolutionConfigurationPlatforms) = preSolution
		Debug|Any CPU = Debug|Any CPU
		Release|Any CPU = Release|Any CPU
	EndGlobalSection
	GlobalSection(ProjectConfigurationPlatforms) = postSolution
		{4A6C8864-B06F-455E-A375-51F658673A72}.Debug|Any CPU.ActiveCfg = Debug|Any CPU
		{4A6C8864-B06F-455E-A375-51F658673A72}.Debug|Any CPU.Build.0 = Debug|Any CPU
		{4A6C8864-B06F-455E-A375-51F658673A72}.Release|Any CPU.ActiveCfg = Release|Any CPU
		{4A6C8864-B06F-455E-A375-51F658673A72}.Release|Any CPU.Build.0 = Release|Any CPU
	EndGlobalSection
	GlobalSection(SolutionProperties) = preSolution
		HideSolutionNode = FALSE
	EndGlobalSection
EndGlobal
