
Microsoft Visual Studio Solution File, Format Version 12.00
# Visual Studio 2012
Project("{FAE04EC0-301F-11D3-BF4B-00C04F79EFBC}") = "BizTalkComponents.PipelineComponents.HttpDisassembler", "Src\HttpDisassembler\BizTalkComponents.PipelineComponents.HttpDisassembler.csproj", "{4A6C8864-B06F-455E-A375-51F658673A72}"
EndProject
Project("{FAE04EC0-301F-11D3-BF4B-00C04F79EFBC}") = "BizTalkComponents.HttpDisassembler.Tests.UnitTests", "Tests\UnitTests\BizTalkComponents.HttpDisassembler.Tests.UnitTests.csproj", "{C52BFE1D-5760-4F69-BA03-43E34CA4F837}"
EndProject
Project("{2150E333-8FDC-42A3-9474-1A3956D46DE8}") = ".nuget", ".nuget", "{8E367ADC-29EB-4D02-BBA4-F4B4F19AD11E}"
	ProjectSection(SolutionItems) = preProject
		.nuget\NuGet.Config = .nuget\NuGet.Config
		.nuget\NuGet.exe = .nuget\NuGet.exe
		.nuget\NuGet.targets = .nuget\NuGet.targets
	EndProjectSection
EndProject
Project("{2150E333-8FDC-42A3-9474-1A3956D46DE8}") = "Build", "Build", "{05395782-465A-4656-83AD-E88072654EF8}"
	ProjectSection(SolutionItems) = preProject
		Build\Build.proj = Build\Build.proj
	EndProjectSection
EndProject
Global
	GlobalSection(SolutionConfigurationPlatforms) = preSolution
		Debug|Any CPU = Debug|Any CPU
		NugetRelease|Any CPU = NugetRelease|Any CPU
		Release|Any CPU = Release|Any CPU
	EndGlobalSection
	GlobalSection(ProjectConfigurationPlatforms) = postSolution
		{4A6C8864-B06F-455E-A375-51F658673A72}.Debug|Any CPU.ActiveCfg = Debug|Any CPU
		{4A6C8864-B06F-455E-A375-51F658673A72}.Debug|Any CPU.Build.0 = Debug|Any CPU
		{4A6C8864-B06F-455E-A375-51F658673A72}.NugetRelease|Any CPU.ActiveCfg = NugetRelease|Any CPU
		{4A6C8864-B06F-455E-A375-51F658673A72}.NugetRelease|Any CPU.Build.0 = NugetRelease|Any CPU
		{4A6C8864-B06F-455E-A375-51F658673A72}.Release|Any CPU.ActiveCfg = Release|Any CPU
		{4A6C8864-B06F-455E-A375-51F658673A72}.Release|Any CPU.Build.0 = Release|Any CPU
		{C52BFE1D-5760-4F69-BA03-43E34CA4F837}.Debug|Any CPU.ActiveCfg = Debug|Any CPU
		{C52BFE1D-5760-4F69-BA03-43E34CA4F837}.Debug|Any CPU.Build.0 = Debug|Any CPU
		{C52BFE1D-5760-4F69-BA03-43E34CA4F837}.NugetRelease|Any CPU.ActiveCfg = NugetRelease|Any CPU
		{C52BFE1D-5760-4F69-BA03-43E34CA4F837}.NugetRelease|Any CPU.Build.0 = NugetRelease|Any CPU
		{C52BFE1D-5760-4F69-BA03-43E34CA4F837}.Release|Any CPU.ActiveCfg = Release|Any CPU
		{C52BFE1D-5760-4F69-BA03-43E34CA4F837}.Release|Any CPU.Build.0 = Release|Any CPU
	EndGlobalSection
	GlobalSection(SolutionProperties) = preSolution
		HideSolutionNode = FALSE
	EndGlobalSection
EndGlobal
